github.com/cespare/xxhash/v2 v2.1.2 h1:YRXhKfTDauu4ajMg1TPgFO5jnlC2HCbmLXMcTG5cbYE=
github.com/cespare/xxhash/v2 v2.1.2/go.mod h1:VGX0DQ3Q6kWi7AoAeZDth3/j3BFtOZR5XLFGgcrjCOs=
github.com/coocood/freecache v1.2.3 h1:lcBwpZrwBZRZyLk/8EMyQVXRiFl663cCuMOrjCALeto=
github.com/coocood/freecache v1.2.3/go.mod h1:RBUWa/Cy+OHdfTGFEhEuE1pMCMX51Ncizj7rthiQ3vk=
github.com/jeffotoni/gcache v0.0.0-20230524014628-2c277b28389e h1:PJhicNawEc+olricmeNaKxfne5DygGuMHOkINietuT4=
github.com/jeffotoni/gcache v0.0.0-20230524014628-2c277b28389e/go.mod h1:dmcu8KA3ww6svcHp9e0mtV3okJVt3LWqhWHGSo+RCFg=
github.com/patrickmn/go-cache v2.1.0+incompatible h1:HRMgzkcYKYpi3C8ajMPV8OFXaaRUnok+kx1WdO15EQc=
github.com/patrickmn/go-cache v2.1.0+incompatible/go.mod h1:3Qf8kWWT7OJRJbdiICTKqZju1ZixQ/KpMGzzAfe6+WQ=
